
Microsoft Visual Studio Solution File, Format Version 12.00
# Visual Studio Version 17
VisualStudioVersion = 17.11.35312.102
MinimumVisualStudioVersion = 10.0.40219.1
Project("{9A19103F-16F7-4668-BE54-9A1E7A4F7556}") = "BlazorAISample1", "BlazorAISample1.csproj", "{8441A461-C8C6-410C-A971-4294D35FB540}"
EndProject
Global
	GlobalSection(SolutionConfigurationPlatforms) = preSolution
		Debug|Any CPU = Debug|Any CPU
		Release|Any CPU = Release|Any CPU
	EndGlobalSection
	GlobalSection(ProjectConfigurationPlatforms) = postSolution
		{8441A461-C8C6-410C-A971-4294D35FB540}.Debug|Any CPU.ActiveCfg = Debug|Any CPU
		{8441A461-C8C6-410C-A971-4294D35FB540}.Debug|Any CPU.Build.0 = Debug|Any CPU
		{8441A461-C8C6-410C-A971-4294D35FB540}.Release|Any CPU.ActiveCfg = Release|Any CPU
		{8441A461-C8C6-410C-A971-4294D35FB540}.Release|Any CPU.Build.0 = Release|Any CPU
	EndGlobalSection
	GlobalSection(SolutionProperties) = preSolution
		HideSolutionNode = FALSE
	EndGlobalSection
	GlobalSection(ExtensibilityGlobals) = postSolution
		SolutionGuid = {DDDCA41F-3E11-4F0C-A678-400D7C7DCB7B}
	EndGlobalSection
EndGlobal
